
Microsoft Visual Studio Solution File, Format Version 12.00
# Visual Studio 15
VisualStudioVersion = 15.0.27703.2035
MinimumVisualStudioVersion = 10.0.40219.1
Project("{FAE04EC0-301F-11D3-BF4B-00C04F79EFBC}") = "PalindromeCheckerApp", "PalindromeCheckerApp\PalindromeCheckerApp.csproj", "{020BE45C-3ED2-4825-BCF5-697AD552481C}"
EndProject
Project("{FAE04EC0-301F-11D3-BF4B-00C04F79EFBC}") = "UnitTestPalindromeCheckers", "UnitTestProject1\UnitTestPalindromeCheckers.csproj", "{35A8C57B-4ADB-4695-913C-6B94542D2E38}"
EndProject
Project("{FAE04EC0-301F-11D3-BF4B-00C04F79EFBC}") = "PalindromeChecker", "ClassLibrary1\PalindromeChecker.csproj", "{E6C9A80F-1258-495A-8867-2F91041F8D59}"
EndProject
Global
	GlobalSection(SolutionConfigurationPlatforms) = preSolution
		Debug|Any CPU = Debug|Any CPU
		Release|Any CPU = Release|Any CPU
	EndGlobalSection
	GlobalSection(ProjectConfigurationPlatforms) = postSolution
		{020BE45C-3ED2-4825-BCF5-697AD552481C}.Debug|Any CPU.ActiveCfg = Debug|Any CPU
		{020BE45C-3ED2-4825-BCF5-697AD552481C}.Debug|Any CPU.Build.0 = Debug|Any CPU
		{020BE45C-3ED2-4825-BCF5-697AD552481C}.Release|Any CPU.ActiveCfg = Release|Any CPU
		{020BE45C-3ED2-4825-BCF5-697AD552481C}.Release|Any CPU.Build.0 = Release|Any CPU
		{35A8C57B-4ADB-4695-913C-6B94542D2E38}.Debug|Any CPU.ActiveCfg = Debug|Any CPU
		{35A8C57B-4ADB-4695-913C-6B94542D2E38}.Debug|Any CPU.Build.0 = Debug|Any CPU
		{35A8C57B-4ADB-4695-913C-6B94542D2E38}.Release|Any CPU.ActiveCfg = Release|Any CPU
		{35A8C57B-4ADB-4695-913C-6B94542D2E38}.Release|Any CPU.Build.0 = Release|Any CPU
		{E6C9A80F-1258-495A-8867-2F91041F8D59}.Debug|Any CPU.ActiveCfg = Debug|Any CPU
		{E6C9A80F-1258-495A-8867-2F91041F8D59}.Debug|Any CPU.Build.0 = Debug|Any CPU
		{E6C9A80F-1258-495A-8867-2F91041F8D59}.Release|Any CPU.ActiveCfg = Release|Any CPU
		{E6C9A80F-1258-495A-8867-2F91041F8D59}.Release|Any CPU.Build.0 = Release|Any CPU
	EndGlobalSection
	GlobalSection(SolutionProperties) = preSolution
		HideSolutionNode = FALSE
	EndGlobalSection
	GlobalSection(ExtensibilityGlobals) = postSolution
		SolutionGuid = {29835782-2749-4476-BD90-A92963051D19}
	EndGlobalSection
EndGlobal
